
Microsoft Visual Studio Solution File, Format Version 12.00
# Visual Studio Version 17
VisualStudioVersion = 17.3.32819.101
MinimumVisualStudioVersion = 10.0.40219.1
Project("{8BC9CEB8-8B4A-11D0-8D11-00A0C91BC942}") = "EnumRegistryTest", "EnumRegistryTest.vcxproj", "{C6A41501-8C18-43BE-92AF-4BB94268A231}"
EndProject
Global
	GlobalSection(SolutionConfigurationPlatforms) = preSolution
		Debug|x64 = Debug|x64
		Debug|x86 = Debug|x86
		Release|x64 = Release|x64
		Release|x86 = Release|x86
	EndGlobalSection
	GlobalSection(ProjectConfigurationPlatforms) = postSolution
		{C6A41501-8C18-43BE-92AF-4BB94268A231}.Debug|x64.ActiveCfg = Debug|x64
		{C6A41501-8C18-43BE-92AF-4BB94268A231}.Debug|x64.Build.0 = Debug|x64
		{C6A41501-8C18-43BE-92AF-4BB94268A231}.Debug|x86.ActiveCfg = Debug|Win32
		{C6A41501-8C18-43BE-92AF-4BB94268A231}.Debug|x86.Build.0 = Debug|Win32
		{C6A41501-8C18-43BE-92AF-4BB94268A231}.Release|x64.ActiveCfg = Release|x64
		{C6A41501-8C18-43BE-92AF-4BB94268A231}.Release|x64.Build.0 = Release|x64
		{C6A41501-8C18-43BE-92AF-4BB94268A231}.Release|x86.ActiveCfg = Release|Win32
		{C6A41501-8C18-43BE-92AF-4BB94268A231}.Release|x86.Build.0 = Release|Win32
	EndGlobalSection
	GlobalSection(SolutionProperties) = preSolution
		HideSolutionNode = FALSE
	EndGlobalSection
	GlobalSection(ExtensibilityGlobals) = postSolution
		SolutionGuid = {41EA639F-1A78-49F7-8F5D-8D16037F2A89}
	EndGlobalSection
EndGlobal
